{
  "nodes": {
    "nixpkgs": {
      "locked": {
        "lastModified": 1783604885,
        "narHash": "sha256-tzMgSkV7kljEkqIjlgV6F+n+xD+/a35Db8bs7a4BFAo=",
        "owner": "NixOS",
        "repo": "nixpkgs",
        "rev": "767b0d3ec98a143ad9ed7dfc0d5553510ac27133",
        "type": "github"
      },
      "original": {
        "owner": "NixOS",
        "repo": "nixpkgs",
        "rev": "767b0d3ec98a143ad9ed7dfc0d5553510ac27133",
        "type": "github"
      }
    },
    "root": {
      "inputs": {
        "nixpkgs": "nixpkgs",
        "rust-overlay": "rust-overlay"
      }
    },
    "rust-overlay": {
      "inputs": {
        "nixpkgs": [
          "nixpkgs"
        ]
      },
      "locked": {
        "lastModified": 1791189933,
        "narHash": "sha256-Y8eN7ki0Urx4Ojf4w1xSpWg8uk/3lJqK+E0Oth77rH0=",
        "owner": "oxalica",
        "repo": "rust-overlay",
        "rev": "e60029353d0c48d216bc4b065168ccd4079c166f",
        "type": "github"
      },
      "original": {
        "owner": "oxalica",
        "repo": "rust-overlay",
        "rev": "e60029353d0c48d216bc4b065168ccd4079c166f",
        "type": "github"
      }
    }
  },
  "root": "root",
  "version": 7
}
